
Microsoft Visual Studio Solution File, Format Version 12.00
# Visual Studio Version 17
VisualStudioVersion = 17.0.31903.59
MinimumVisualStudioVersion = 10.0.40219.1
Project("{2150E333-8FDC-42A3-9474-1A3956D46DE8}") = "src", "src", "{376D524C-7304-4099-B3E8-CD618BCB53EB}"
EndProject
Project("{FAE04EC0-301F-11D3-BF4B-00C04F79EFBC}") = "AuctionService", "src\AuctionService\AuctionService.csproj", "{9FCAC131-B93D-4C28-88CB-7DF42D760792}"
EndProject
Project("{FAE04EC0-301F-11D3-BF4B-00C04F79EFBC}") = "SearchService", "src\SearchService\SearchService.csproj", "{8CB74D51-C98A-4462-80F7-73E53FA4C7C9}"
EndProject
Project("{FAE04EC0-301F-11D3-BF4B-00C04F79EFBC}") = "Contracts", "src\Contracts\Contracts.csproj", "{C4F0E2C7-2E6F-423E-B822-909BC7BBAC11}"
EndProject
Project("{FAE04EC0-301F-11D3-BF4B-00C04F79EFBC}") = "IdentityService", "src\IdentityService\IdentityService.csproj", "{09A65494-DD58-42EC-8D21-77C1DD86DF2E}"
EndProject
Project("{FAE04EC0-301F-11D3-BF4B-00C04F79EFBC}") = "GatewayService", "src\GatewayService\GatewayService.csproj", "{D714BC44-3A77-494C-A76E-647C532784F9}"
EndProject
Project("{FAE04EC0-301F-11D3-BF4B-00C04F79EFBC}") = "BiddingService", "src\BiddingService\BiddingService.csproj", "{3AEBCB5A-38D2-4C4E-A530-6690E0CB1EFC}"
EndProject
Global
	GlobalSection(SolutionConfigurationPlatforms) = preSolution
		Debug|Any CPU = Debug|Any CPU
		Release|Any CPU = Release|Any CPU
	EndGlobalSection
	GlobalSection(ProjectConfigurationPlatforms) = postSolution
		{9FCAC131-B93D-4C28-88CB-7DF42D760792}.Debug|Any CPU.ActiveCfg = Debug|Any CPU
		{9FCAC131-B93D-4C28-88CB-7DF42D760792}.Debug|Any CPU.Build.0 = Debug|Any CPU
		{9FCAC131-B93D-4C28-88CB-7DF42D760792}.Release|Any CPU.ActiveCfg = Release|Any CPU
		{9FCAC131-B93D-4C28-88CB-7DF42D760792}.Release|Any CPU.Build.0 = Release|Any CPU
		{8CB74D51-C98A-4462-80F7-73E53FA4C7C9}.Debug|Any CPU.ActiveCfg = Debug|Any CPU
		{8CB74D51-C98A-4462-80F7-73E53FA4C7C9}.Debug|Any CPU.Build.0 = Debug|Any CPU
		{8CB74D51-C98A-4462-80F7-73E53FA4C7C9}.Release|Any CPU.ActiveCfg = Release|Any CPU
		{8CB74D51-C98A-4462-80F7-73E53FA4C7C9}.Release|Any CPU.Build.0 = Release|Any CPU
		{C4F0E2C7-2E6F-423E-B822-909BC7BBAC11}.Debug|Any CPU.ActiveCfg = Debug|Any CPU
		{C4F0E2C7-2E6F-423E-B822-909BC7BBAC11}.Debug|Any CPU.Build.0 = Debug|Any CPU
		{C4F0E2C7-2E6F-423E-B822-909BC7BBAC11}.Release|Any CPU.ActiveCfg = Release|Any CPU
		{C4F0E2C7-2E6F-423E-B822-909BC7BBAC11}.Release|Any CPU.Build.0 = Release|Any CPU
		{09A65494-DD58-42EC-8D21-77C1DD86DF2E}.Debug|Any CPU.ActiveCfg = Debug|Any CPU
		{09A65494-DD58-42EC-8D21-77C1DD86DF2E}.Debug|Any CPU.Build.0 = Debug|Any CPU
		{09A65494-DD58-42EC-8D21-77C1DD86DF2E}.Release|Any CPU.ActiveCfg = Release|Any CPU
		{09A65494-DD58-42EC-8D21-77C1DD86DF2E}.Release|Any CPU.Build.0 = Release|Any CPU
		{D714BC44-3A77-494C-A76E-647C532784F9}.Debug|Any CPU.ActiveCfg = Debug|Any CPU
		{D714BC44-3A77-494C-A76E-647C532784F9}.Debug|Any CPU.Build.0 = Debug|Any CPU
		{D714BC44-3A77-494C-A76E-647C532784F9}.Release|Any CPU.ActiveCfg = Release|Any CPU
		{D714BC44-3A77-494C-A76E-647C532784F9}.Release|Any CPU.Build.0 = Release|Any CPU
		{3AEBCB5A-38D2-4C4E-A530-6690E0CB1EFC}.Debug|Any CPU.ActiveCfg = Debug|Any CPU
		{3AEBCB5A-38D2-4C4E-A530-6690E0CB1EFC}.Debug|Any CPU.Build.0 = Debug|Any CPU
		{3AEBCB5A-38D2-4C4E-A530-6690E0CB1EFC}.Release|Any CPU.ActiveCfg = Release|Any CPU
		{3AEBCB5A-38D2-4C4E-A530-6690E0CB1EFC}.Release|Any CPU.Build.0 = Release|Any CPU
	EndGlobalSection
	GlobalSection(SolutionProperties) = preSolution
		HideSolutionNode = FALSE
	EndGlobalSection
	GlobalSection(NestedProjects) = preSolution
		{9FCAC131-B93D-4C28-88CB-7DF42D760792} = {376D524C-7304-4099-B3E8-CD618BCB53EB}
		{8CB74D51-C98A-4462-80F7-73E53FA4C7C9} = {376D524C-7304-4099-B3E8-CD618BCB53EB}
		{C4F0E2C7-2E6F-423E-B822-909BC7BBAC11} = {376D524C-7304-4099-B3E8-CD618BCB53EB}
		{09A65494-DD58-42EC-8D21-77C1DD86DF2E} = {376D524C-7304-4099-B3E8-CD618BCB53EB}
		{D714BC44-3A77-494C-A76E-647C532784F9} = {376D524C-7304-4099-B3E8-CD618BCB53EB}
		{3AEBCB5A-38D2-4C4E-A530-6690E0CB1EFC} = {376D524C-7304-4099-B3E8-CD618BCB53EB}
	EndGlobalSection
EndGlobal
